
Microsoft Visual Studio Solution File, Format Version 12.00
# Visual Studio Version 17
VisualStudioVersion = 17.7.34221.43
MinimumVisualStudioVersion = 10.0.40219.1
Project("{FAE04EC0-301F-11D3-BF4B-00C04F79EFBC}") = "CrudContatos", "CrudContatos.csproj", "{8246197C-6855-4A9A-BF96-5BC34C6BD139}"
EndProject
Global
	GlobalSection(SolutionConfigurationPlatforms) = preSolution
		Debug|Any CPU = Debug|Any CPU
		Release|Any CPU = Release|Any CPU
	EndGlobalSection
	GlobalSection(ProjectConfigurationPlatforms) = postSolution
		{8246197C-6855-4A9A-BF96-5BC34C6BD139}.Debug|Any CPU.ActiveCfg = Debug|Any CPU
		{8246197C-6855-4A9A-BF96-5BC34C6BD139}.Debug|Any CPU.Build.0 = Debug|Any CPU
		{8246197C-6855-4A9A-BF96-5BC34C6BD139}.Release|Any CPU.ActiveCfg = Release|Any CPU
		{8246197C-6855-4A9A-BF96-5BC34C6BD139}.Release|Any CPU.Build.0 = Release|Any CPU
	EndGlobalSection
	GlobalSection(SolutionProperties) = preSolution
		HideSolutionNode = FALSE
	EndGlobalSection
	GlobalSection(ExtensibilityGlobals) = postSolution
		SolutionGuid = {8C895108-1B18-4459-9CBE-A72F9F32708F}
	EndGlobalSection
EndGlobal
